
Microsoft Visual Studio Solution File, Format Version 12.00
# Visual Studio 15
VisualStudioVersion = 15.0.26228.9
MinimumVisualStudioVersion = 10.0.40219.1
Project("{FAE04EC0-301F-11D3-BF4B-00C04F79EFBC}") = "RussianRouletteProject", "RussianRouletteProject\RussianRouletteProject.csproj", "{7B02280C-81AF-4862-87A2-59774048E4FC}"
EndProject
Project("{FAE04EC0-301F-11D3-BF4B-00C04F79EFBC}") = "UnitTestProject1", "UnitTestProject1\UnitTestProject1.csproj", "{A85AB436-787C-49C5-A53A-7E5C0B4512EA}"
EndProject
Global
	GlobalSection(SolutionConfigurationPlatforms) = preSolution
		Debug|Any CPU = Debug|Any CPU
		Release|Any CPU = Release|Any CPU
	EndGlobalSection
	GlobalSection(ProjectConfigurationPlatforms) = postSolution
		{7B02280C-81AF-4862-87A2-59774048E4FC}.Debug|Any CPU.ActiveCfg = Debug|Any CPU
		{7B02280C-81AF-4862-87A2-59774048E4FC}.Debug|Any CPU.Build.0 = Debug|Any CPU
		{7B02280C-81AF-4862-87A2-59774048E4FC}.Release|Any CPU.ActiveCfg = Release|Any CPU
		{7B02280C-81AF-4862-87A2-59774048E4FC}.Release|Any CPU.Build.0 = Release|Any CPU
		{A85AB436-787C-49C5-A53A-7E5C0B4512EA}.Debug|Any CPU.ActiveCfg = Debug|Any CPU
		{A85AB436-787C-49C5-A53A-7E5C0B4512EA}.Debug|Any CPU.Build.0 = Debug|Any CPU
		{A85AB436-787C-49C5-A53A-7E5C0B4512EA}.Release|Any CPU.ActiveCfg = Release|Any CPU
		{A85AB436-787C-49C5-A53A-7E5C0B4512EA}.Release|Any CPU.Build.0 = Release|Any CPU
	EndGlobalSection
	GlobalSection(SolutionProperties) = preSolution
		HideSolutionNode = FALSE
	EndGlobalSection
EndGlobal
